
Microsoft Visual Studio Solution File, Format Version 12.00
# Visual Studio Version 16
VisualStudioVersion = 16.0.30804.86
MinimumVisualStudioVersion = 10.0.40219.1
Project("{FAE04EC0-301F-11D3-BF4B-00C04F79EFBC}") = "SignarRChat.SignarR", "SignarRChat\SignarRChat.SignarR.csproj", "{A5AC4B40-67BF-4AD2-B5DD-8C44C13BBAFF}"
EndProject
Project("{FAE04EC0-301F-11D3-BF4B-00C04F79EFBC}") = "SignalRChat.Domain", "SignalRChat.Domain\SignalRChat.Domain.csproj", "{8A0AB813-2B87-4ED0-BEEC-31AB350F8D8C}"
EndProject
Project("{FAE04EC0-301F-11D3-BF4B-00C04F79EFBC}") = "SignalRChat.Client", "SignalRChat.Client\SignalRChat.Client.csproj", "{5A71092F-58EB-4C7F-BE10-DDBD99A9AB16}"
EndProject
Global
	GlobalSection(SolutionConfigurationPlatforms) = preSolution
		Debug|Any CPU = Debug|Any CPU
		Release|Any CPU = Release|Any CPU
	EndGlobalSection
	GlobalSection(ProjectConfigurationPlatforms) = postSolution
		{A5AC4B40-67BF-4AD2-B5DD-8C44C13BBAFF}.Debug|Any CPU.ActiveCfg = Debug|Any CPU
		{A5AC4B40-67BF-4AD2-B5DD-8C44C13BBAFF}.Debug|Any CPU.Build.0 = Debug|Any CPU
		{A5AC4B40-67BF-4AD2-B5DD-8C44C13BBAFF}.Release|Any CPU.ActiveCfg = Release|Any CPU
		{A5AC4B40-67BF-4AD2-B5DD-8C44C13BBAFF}.Release|Any CPU.Build.0 = Release|Any CPU
		{8A0AB813-2B87-4ED0-BEEC-31AB350F8D8C}.Debug|Any CPU.ActiveCfg = Debug|Any CPU
		{8A0AB813-2B87-4ED0-BEEC-31AB350F8D8C}.Debug|Any CPU.Build.0 = Debug|Any CPU
		{8A0AB813-2B87-4ED0-BEEC-31AB350F8D8C}.Release|Any CPU.ActiveCfg = Release|Any CPU
		{8A0AB813-2B87-4ED0-BEEC-31AB350F8D8C}.Release|Any CPU.Build.0 = Release|Any CPU
		{5A71092F-58EB-4C7F-BE10-DDBD99A9AB16}.Debug|Any CPU.ActiveCfg = Debug|Any CPU
		{5A71092F-58EB-4C7F-BE10-DDBD99A9AB16}.Debug|Any CPU.Build.0 = Debug|Any CPU
		{5A71092F-58EB-4C7F-BE10-DDBD99A9AB16}.Release|Any CPU.ActiveCfg = Release|Any CPU
		{5A71092F-58EB-4C7F-BE10-DDBD99A9AB16}.Release|Any CPU.Build.0 = Release|Any CPU
	EndGlobalSection
	GlobalSection(SolutionProperties) = preSolution
		HideSolutionNode = FALSE
	EndGlobalSection
	GlobalSection(ExtensibilityGlobals) = postSolution
		SolutionGuid = {049922B8-D589-4779-A292-5F8F76B85B2B}
	EndGlobalSection
EndGlobal
